hash: 20b80b287c5bba53a2ef7a34c69dac0d966bc62ca626a7d741fb2de9eefc1612
updated: 2016-11-26T19:38:20.107233501-05:00
imports:
- name: github.com/aws/aws-sdk-go
  version: 4a6ff995f57ee4f8994db17ae83f01a9c9cc2274
- name: github.com/fsnotify/fsnotify
  version: 629574ca2a5df945712d3079857300b5e4da0236
- name: golang.org/x/sys
  version: a646d33e2ee3172a661fc09bca23bb4889a41bc8
  subpackages:
  - unix
testImports: []
